// !$*UTF8*$!
{
	archiveVersion = 1;
	classes = {
	};
	objectVersion = 46;
	objects = {

/* Begin PBXBuildFile section */
		EF368A901EBC6FA200A629B1 /* LXDCrashLogger.m in Sources */ = {isa = PBXBuildFile; fileRef = EF368A4C1EBC6FA200A629B1 /* LXDCrashLogger.m */; };
		EF368A911EBC6FA200A629B1 /* LXDCrashMonitor.m in Sources */ = {isa = PBXBuildFile; fileRef = EF368A4E1EBC6FA200A629B1 /* LXDCrashMonitor.m */; };
		EF368A921EBC6FA200A629B1 /* LXDAppFluencyMonitor.m in Sources */ = {isa = PBXBuildFile; fileRef = EF368A511EBC6FA200A629B1 /* LXDAppFluencyMonitor.m */; };
		EF368A931EBC6FA200A629B1 /* LXDFPSDisplayer.m in Sources */ = {isa = PBXBuildFile; fileRef = EF368A541EBC6FA200A629B1 /* LXDFPSDisplayer.m */; };
		EF368A941EBC6FA200A629B1 /* LXDFPSMonitor.m in Sources */ = {isa = PBXBuildFile; fileRef = EF368A561EBC6FA200A629B1 /* LXDFPSMonitor.m */; };
		EF368A951EBC6FA200A629B1 /* LXDWeakProxy.m in Sources */ = {isa = PBXBuildFile; fileRef = EF368A581EBC6FA200A629B1 /* LXDWeakProxy.m */; };
		EF368A961EBC6FA200A629B1 /* LXDDNSInterceptor.m in Sources */ = {isa = PBXBuildFile; fileRef = EF368A5B1EBC6FA200A629B1 /* LXDDNSInterceptor.m */; };
		EF368A971EBC6FA200A629B1 /* LXDHostFilterRule.m in Sources */ = {isa = PBXBuildFile; fileRef = EF368A5D1EBC6FA200A629B1 /* LXDHostFilterRule.m */; };
		EF368A981EBC6FA200A629B1 /* LXDHostMapper.m in Sources */ = {isa = PBXBuildFile; fileRef = EF368A5F1EBC6FA200A629B1 /* LXDHostMapper.m */; };
		EF368A991EBC6FA200A629B1 /* NSURLProtocol+WebKitSupport.m in Sources */ = {isa = PBXBuildFile; fileRef = EF368A611EBC6FA200A629B1 /* NSURLProtocol+WebKitSupport.m */; };
		EF368A9A1EBC6FA200A629B1 /* LXDApplicationCPU.m in Sources */ = {isa = PBXBuildFile; fileRef = EF368A641EBC6FA200A629B1 /* LXDApplicationCPU.m */; };
		EF368A9B1EBC6FA200A629B1 /* LXDApplicationMemory.m in Sources */ = {isa = PBXBuildFile; fileRef = EF368A661EBC6FA200A629B1 /* LXDApplicationMemory.m */; };
		EF368A9C1EBC6FA200A629B1 /* LXDCPUDisplayer.m in Sources */ = {isa = PBXBuildFile; fileRef = EF368A681EBC6FA200A629B1 /* LXDCPUDisplayer.m */; };
		EF368A9D1EBC6FA200A629B1 /* LXDMemoryDisplayer.m in Sources */ = {isa = PBXBuildFile; fileRef = EF368A6A1EBC6FA200A629B1 /* LXDMemoryDisplayer.m */; };
		EF368A9E1EBC6FA200A629B1 /* LXDResourceMonitor.m in Sources */ = {isa = PBXBuildFile; fileRef = EF368A6C1EBC6FA200A629B1 /* LXDResourceMonitor.m */; };
		EF368A9F1EBC6FA200A629B1 /* LXDSystemCPU.m in Sources */ = {isa = PBXBuildFile; fileRef = EF368A6E1EBC6FA200A629B1 /* LXDSystemCPU.m */; };
		EF368AA01EBC6FA200A629B1 /* LXDSystemMemory.m in Sources */ = {isa = PBXBuildFile; fileRef = EF368A701EBC6FA200A629B1 /* LXDSystemMemory.m */; };
		EF368AA11EBC6FA200A629B1 /* LXDBacktraceLogger.m in Sources */ = {isa = PBXBuildFile; fileRef = EF368A741EBC6FA200A629B1 /* LXDBacktraceLogger.m */; };
		EF368AA21EBC6FA200A629B1 /* LXDDispatchAsync.m in Sources */ = {isa = PBXBuildFile; fileRef = EF368A771EBC6FA200A629B1 /* LXDDispatchAsync.m */; };
		EF368AA31EBC6FA200A629B1 /* LXDDispatchOperation.m in Sources */ = {isa = PBXBuildFile; fileRef = EF368A791EBC6FA200A629B1 /* LXDDispatchOperation.m */; };
		EF368AA91EBC6FA200A629B1 /* LXDGlobalTimer.m in Sources */ = {isa = PBXBuildFile; fileRef = EF368A871EBC6FA200A629B1 /* LXDGlobalTimer.m */; };
		EF368AAA1EBC6FA200A629B1 /* LXDAsyncLabel.m in Sources */ = {isa = PBXBuildFile; fileRef = EF368A8A1EBC6FA200A629B1 /* LXDAsyncLabel.m */; };
		EF368AAB1EBC6FA200A629B1 /* LXDTopWindow.m in Sources */ = {isa = PBXBuildFile; fileRef = EF368A8D1EBC6FA200A629B1 /* LXDTopWindow.m */; };
		EF368AAC1EBC6FA200A629B1 /* UIApplication+LXDTool.m in Sources */ = {isa = PBXBuildFile; fileRef = EF368A8F1EBC6FA200A629B1 /* UIApplication+LXDTool.m */; };
		EF368AB21EBC6FDE00A629B1 /* LXDTransaction.m in Sources */ = {isa = PBXBuildFile; fileRef = EF368AB11EBC6FDE00A629B1 /* LXDTransaction.m */; };
		EF82D86E1E8B8E9600DD4776 /* main.m in Sources */ = {isa = PBXBuildFile; fileRef = EF82D86D1E8B8E9600DD4776 /* main.m */; };
		EF82D8711E8B8E9600DD4776 /* AppDelegate.m in Sources */ = {isa = PBXBuildFile; fileRef = EF82D8701E8B8E9600DD4776 /* AppDelegate.m */; };
		EF82D8741E8B8E9600DD4776 /* ViewController.m in Sources */ = {isa = PBXBuildFile; fileRef = EF82D8731E8B8E9600DD4776 /* ViewController.m */; };
		EF82D8771E8B8E9600DD4776 /* Main.storyboard in Resources */ = {isa = PBXBuildFile; fileRef = EF82D8751E8B8E9600DD4776 /* Main.storyboard */; };
		EF82D8791E8B8E9600DD4776 /* Assets.xcassets in Resources */ = {isa = PBXBuildFile; fileRef = EF82D8781E8B8E9600DD4776 /* Assets.xcassets */; };
		EF82D87C1E8B8E9600DD4776 /* LaunchScreen.storyboard in Resources */ = {isa = PBXBuildFile; fileRef = EF82D87A1E8B8E9600DD4776 /* LaunchScreen.storyboard */; };
		EF82D8871E8B8E9600DD4776 /* LXDAppMonitorTests.m in Sources */ = {isa = PBXBuildFile; fileRef = EF82D8861E8B8E9600DD4776 /* LXDAppMonitorTests.m */; };
		EF82D8921E8B8E9600DD4776 /* LXDAppMonitorUITests.m in Sources */ = {isa = PBXBuildFile; fileRef = EF82D8911E8B8E9600DD4776 /* LXDAppMonitorUITests.m */; };
		EF82D8C01E8B901000DD4776 /* WebViewController.m in Sources */ = {isa = PBXBuildFile; fileRef = EF82D8BE1E8B901000DD4776 /* WebViewController.m */; };
		EF82D8C11E8B901000DD4776 /* WebViewController.xib in Resources */ = {isa = PBXBuildFile; fileRef = EF82D8BF1E8B901000DD4776 /* WebViewController.xib */; };
		EFF925A01EB2E5B1005D9BEB /* libsqlite3.0.tbd in Frameworks */ = {isa = PBXBuildFile; fileRef = EFF9259F1EB2E5B1005D9BEB /* libsqlite3.0.tbd */; };
/* End PBXBuildFile section */

/* Begin PBXContainerItemProxy section */
		EF82D8831E8B8E9600DD4776 /* PBXContainerItemProxy */ = {
			isa = PBXContainerItemProxy;
			containerPortal = EF82D8611E8B8E9600DD4776 /* Project object */;
			proxyType = 1;
			remoteGlobalIDString = EF82D8681E8B8E9600DD4776;
			remoteInfo = LXDAppMonitor;
		};
		EF82D88E1E8B8E9600DD4776 /* PBXContainerItemProxy */ = {
			isa = PBXContainerItemProxy;
			containerPortal = EF82D8611E8B8E9600DD4776 /* Project object */;
			proxyType = 1;
			remoteGlobalIDString = EF82D8681E8B8E9600DD4776;
			remoteInfo = LXDAppMonitor;
		};
/* End PBXContainerItemProxy section */

/* Begin PBXFileReference section */
		EF368A4B1EBC6FA200A629B1 /* LXDCrashLogger.h */ = {isa = PBXFileReference; fileEncoding = 4; lastKnownFileType = sourcecode.c.h; path = LXDCrashLogger.h; sourceTree = "<group>"; };
		EF368A4C1EBC6FA200A629B1 /* LXDCrashLogger.m */ = {isa = PBXFileReference; fileEncoding = 4; lastKnownFileType = sourcecode.c.objc; path = LXDCrashLogger.m; sourceTree = "<group>"; };
		EF368A4D1EBC6FA200A629B1 /* LXDCrashMonitor.h */ = {isa = PBXFileReference; fileEncoding = 4; lastKnownFileType = sourcecode.c.h; path = LXDCrashMonitor.h; sourceTree = "<group>"; };
		EF368A4E1EBC6FA200A629B1 /* LXDCrashMonitor.m */ = {isa = PBXFileReference; fileEncoding = 4; lastKnownFileType = sourcecode.c.objc; path = LXDCrashMonitor.m; sourceTree = "<group>"; };
		EF368A501EBC6FA200A629B1 /* LXDAppFluencyMonitor.h */ = {isa = PBXFileReference; fileEncoding = 4; lastKnownFileType = sourcecode.c.h; path = LXDAppFluencyMonitor.h; sourceTree = "<group>"; };
		EF368A511EBC6FA200A629B1 /* LXDAppFluencyMonitor.m */ = {isa = PBXFileReference; fileEncoding = 4; lastKnownFileType = sourcecode.c.objc; path = LXDAppFluencyMonitor.m; sourceTree = "<group>"; };
		EF368A531EBC6FA200A629B1 /* LXDFPSDisplayer.h */ = {isa = PBXFileReference; fileEncoding = 4; lastKnownFileType = sourcecode.c.h; path = LXDFPSDisplayer.h; sourceTree = "<group>"; };
		EF368A541EBC6FA200A629B1 /* LXDFPSDisplayer.m */ = {isa = PBXFileReference; fileEncoding = 4; lastKnownFileType = sourcecode.c.objc; path = LXDFPSDisplayer.m; sourceTree = "<group>"; };
		EF368A551EBC6FA200A629B1 /* LXDFPSMonitor.h */ = {isa = PBXFileReference; fileEncoding = 4; lastKnownFileType = sourcecode.c.h; path = LXDFPSMonitor.h; sourceTree = "<group>"; };
		EF368A561EBC6FA200A629B1 /* LXDFPSMonitor.m */ = {isa = PBXFileReference; fileEncoding = 4; lastKnownFileType = sourcecode.c.objc; path = LXDFPSMonitor.m; sourceTree = "<group>"; };
		EF368A571EBC6FA200A629B1 /* LXDWeakProxy.h */ = {isa = PBXFileReference; fileEncoding = 4; lastKnownFileType = sourcecode.c.h; path = LXDWeakProxy.h; sourceTree = "<group>"; };
		EF368A581EBC6FA200A629B1 /* LXDWeakProxy.m */ = {isa = PBXFileReference; fileEncoding = 4; lastKnownFileType = sourcecode.c.objc; path = LXDWeakProxy.m; sourceTree = "<group>"; };
		EF368A5A1EBC6FA200A629B1 /* LXDDNSInterceptor.h */ = {isa = PBXFileReference; fileEncoding = 4; lastKnownFileType = sourcecode.c.h; path = LXDDNSInterceptor.h; sourceTree = "<group>"; };
		EF368A5B1EBC6FA200A629B1 /* LXDDNSInterceptor.m */ = {isa = PBXFileReference; fileEncoding = 4; lastKnownFileType = sourcecode.c.objc; path = LXDDNSInterceptor.m; sourceTree = "<group>"; };
		EF368A5C1EBC6FA200A629B1 /* LXDHostFilterRule.h */ = {isa = PBXFileReference; fileEncoding = 4; lastKnownFileType = sourcecode.c.h; path = LXDHostFilterRule.h; sourceTree = "<group>"; };
		EF368A5D1EBC6FA200A629B1 /* LXDHostFilterRule.m */ = {isa = PBXFileReference; fileEncoding = 4; lastKnownFileType = sourcecode.c.objc; path = LXDHostFilterRule.m; sourceTree = "<group>"; };
		EF368A5E1EBC6FA200A629B1 /* LXDHostMapper.h */ = {isa = PBXFileReference; fileEncoding = 4; lastKnownFileType = sourcecode.c.h; path = LXDHostMapper.h; sourceTree = "<group>"; };
		EF368A5F1EBC6FA200A629B1 /* LXDHostMapper.m */ = {isa = PBXFileReference; fileEncoding = 4; lastKnownFileType = sourcecode.c.objc; path = LXDHostMapper.m; sourceTree = "<group>"; };
		EF368A601EBC6FA200A629B1 /* NSURLProtocol+WebKitSupport.h */ = {isa = PBXFileReference; fileEncoding = 4; lastKnownFileType = sourcecode.c.h; path = "NSURLProtocol+WebKitSupport.h"; sourceTree = "<group>"; };
		EF368A611EBC6FA200A629B1 /* NSURLProtocol+WebKitSupport.m */ = {isa = PBXFileReference; fileEncoding = 4; lastKnownFileType = sourcecode.c.objc; path = "NSURLProtocol+WebKitSupport.m"; sourceTree = "<group>"; };
		EF368A631EBC6FA200A629B1 /* LXDApplicationCPU.h */ = {isa = PBXFileReference; fileEncoding = 4; lastKnownFileType = sourcecode.c.h; path = LXDApplicationCPU.h; sourceTree = "<group>"; };
		EF368A641EBC6FA200A629B1 /* LXDApplicationCPU.m */ = {isa = PBXFileReference; fileEncoding = 4; lastKnownFileType = sourcecode.c.objc; path = LXDApplicationCPU.m; sourceTree = "<group>"; };
		EF368A651EBC6FA200A629B1 /* LXDApplicationMemory.h */ = {isa = PBXFileReference; fileEncoding = 4; lastKnownFileType = sourcecode.c.h; path = LXDApplicationMemory.h; sourceTree = "<group>"; };
		EF368A661EBC6FA200A629B1 /* LXDApplicationMemory.m */ = {isa = PBXFileReference; fileEncoding = 4; lastKnownFileType = sourcecode.c.objc; path = LXDApplicationMemory.m; sourceTree = "<group>"; };
		EF368A671EBC6FA200A629B1 /* LXDCPUDisplayer.h */ = {isa = PBXFileReference; fileEncoding = 4; lastKnownFileType = sourcecode.c.h; path = LXDCPUDisplayer.h; sourceTree = "<group>"; };
		EF368A681EBC6FA200A629B1 /* LXDCPUDisplayer.m */ = {isa = PBXFileReference; fileEncoding = 4; lastKnownFileType = sourcecode.c.objc; path = LXDCPUDisplayer.m; sourceTree = "<group>"; };
		EF368A691EBC6FA200A629B1 /* LXDMemoryDisplayer.h */ = {isa = PBXFileReference; fileEncoding = 4; lastKnownFileType = sourcecode.c.h; path = LXDMemoryDisplayer.h; sourceTree = "<group>"; };
		EF368A6A1EBC6FA200A629B1 /* LXDMemoryDisplayer.m */ = {isa = PBXFileReference; fileEncoding = 4; lastKnownFileType = sourcecode.c.objc; path = LXDMemoryDisplayer.m; sourceTree = "<group>"; };
		EF368A6B1EBC6FA200A629B1 /* LXDResourceMonitor.h */ = {isa = PBXFileReference; fileEncoding = 4; lastKnownFileType = sourcecode.c.h; path = LXDResourceMonitor.h; sourceTree = "<group>"; };
		EF368A6C1EBC6FA200A629B1 /* LXDResourceMonitor.m */ = {isa = PBXFileReference; fileEncoding = 4; lastKnownFileType = sourcecode.c.objc; path = LXDResourceMonitor.m; sourceTree = "<group>"; };
		EF368A6D1EBC6FA200A629B1 /* LXDSystemCPU.h */ = {isa = PBXFileReference; fileEncoding = 4; lastKnownFileType = sourcecode.c.h; path = LXDSystemCPU.h; sourceTree = "<group>"; };
		EF368A6E1EBC6FA200A629B1 /* LXDSystemCPU.m */ = {isa = PBXFileReference; fileEncoding = 4; lastKnownFileType = sourcecode.c.objc; path = LXDSystemCPU.m; sourceTree = "<group>"; };
		EF368A6F1EBC6FA200A629B1 /* LXDSystemMemory.h */ = {isa = PBXFileReference; fileEncoding = 4; lastKnownFileType = sourcecode.c.h; path = LXDSystemMemory.h; sourceTree = "<group>"; };
		EF368A701EBC6FA200A629B1 /* LXDSystemMemory.m */ = {isa = PBXFileReference; fileEncoding = 4; lastKnownFileType = sourcecode.c.objc; path = LXDSystemMemory.m; sourceTree = "<group>"; };
		EF368A731EBC6FA200A629B1 /* LXDBacktraceLogger.h */ = {isa = PBXFileReference; fileEncoding = 4; lastKnownFileType = sourcecode.c.h; path = LXDBacktraceLogger.h; sourceTree = "<group>"; };
		EF368A741EBC6FA200A629B1 /* LXDBacktraceLogger.m */ = {isa = PBXFileReference; fileEncoding = 4; lastKnownFileType = sourcecode.c.objc; path = LXDBacktraceLogger.m; sourceTree = "<group>"; };
		EF368A761EBC6FA200A629B1 /* LXDDispatchAsync.h */ = {isa = PBXFileReference; fileEncoding = 4; lastKnownFileType = sourcecode.c.h; path = LXDDispatchAsync.h; sourceTree = "<group>"; };
		EF368A771EBC6FA200A629B1 /* LXDDispatchAsync.m */ = {isa = PBXFileReference; fileEncoding = 4; lastKnownFileType = sourcecode.c.objc; path = LXDDispatchAsync.m; sourceTree = "<group>"; };
		EF368A781EBC6FA200A629B1 /* LXDDispatchOperation.h */ = {isa = PBXFileReference; fileEncoding = 4; lastKnownFileType = sourcecode.c.h; path = LXDDispatchOperation.h; sourceTree = "<group>"; };
		EF368A791EBC6FA200A629B1 /* LXDDispatchOperation.m */ = {isa = PBXFileReference; fileEncoding = 4; lastKnownFileType = sourcecode.c.objc; path = LXDDispatchOperation.m; sourceTree = "<group>"; };
		EF368A861EBC6FA200A629B1 /* LXDGlobalTimer.h */ = {isa = PBXFileReference; fileEncoding = 4; lastKnownFileType = sourcecode.c.h; path = LXDGlobalTimer.h; sourceTree = "<group>"; };
		EF368A871EBC6FA200A629B1 /* LXDGlobalTimer.m */ = {isa = PBXFileReference; fileEncoding = 4; lastKnownFileType = sourcecode.c.objc; path = LXDGlobalTimer.m; sourceTree = "<group>"; };
		EF368A891EBC6FA200A629B1 /* LXDAsyncLabel.h */ = {isa = PBXFileReference; fileEncoding = 4; lastKnownFileType = sourcecode.c.h; path = LXDAsyncLabel.h; sourceTree = "<group>"; };
		EF368A8A1EBC6FA200A629B1 /* LXDAsyncLabel.m */ = {isa = PBXFileReference; fileEncoding = 4; lastKnownFileType = sourcecode.c.objc; path = LXDAsyncLabel.m; sourceTree = "<group>"; };
		EF368A8B1EBC6FA200A629B1 /* LXDMonitorUI.h */ = {isa = PBXFileReference; fileEncoding = 4; lastKnownFileType = sourcecode.c.h; path = LXDMonitorUI.h; sourceTree = "<group>"; };
		EF368A8C1EBC6FA200A629B1 /* LXDTopWindow.h */ = {isa = PBXFileReference; fileEncoding = 4; lastKnownFileType = sourcecode.c.h; path = LXDTopWindow.h; sourceTree = "<group>"; };
		EF368A8D1EBC6FA200A629B1 /* LXDTopWindow.m */ = {isa = PBXFileReference; fileEncoding = 4; lastKnownFileType = sourcecode.c.objc; path = LXDTopWindow.m; sourceTree = "<group>"; };
		EF368A8E1EBC6FA200A629B1 /* UIApplication+LXDTool.h */ = {isa = PBXFileReference; fileEncoding = 4; lastKnownFileType = sourcecode.c.h; path = "UIApplication+LXDTool.h"; sourceTree = "<group>"; };
		EF368A8F1EBC6FA200A629B1 /* UIApplication+LXDTool.m */ = {isa = PBXFileReference; fileEncoding = 4; lastKnownFileType = sourcecode.c.objc; path = "UIApplication+LXDTool.m"; sourceTree = "<group>"; };
		EF368AB01EBC6FDE00A629B1 /* LXDTransaction.h */ = {isa = PBXFileReference; fileEncoding = 4; lastKnownFileType = sourcecode.c.h; path = LXDTransaction.h; sourceTree = "<group>"; };
		EF368AB11EBC6FDE00A629B1 /* LXDTransaction.m */ = {isa = PBXFileReference; fileEncoding = 4; lastKnownFileType = sourcecode.c.objc; path = LXDTransaction.m; sourceTree = "<group>"; };
		EF82D8691E8B8E9600DD4776 /* LXDAppMonitor.app */ = {isa = PBXFileReference; explicitFileType = wrapper.application; includeInIndex = 0; path = LXDAppMonitor.app; sourceTree = BUILT_PRODUCTS_DIR; };
		EF82D86D1E8B8E9600DD4776 /* main.m */ = {isa = PBXFileReference; lastKnownFileType = sourcecode.c.objc; path = main.m; sourceTree = "<group>"; };
		EF82D86F1E8B8E9600DD4776 /* AppDelegate.h */ = {isa = PBXFileReference; lastKnownFileType = sourcecode.c.h; path = AppDelegate.h; sourceTree = "<group>"; };
		EF82D8701E8B8E9600DD4776 /* AppDelegate.m */ = {isa = PBXFileReference; lastKnownFileType = sourcecode.c.objc; path = AppDelegate.m; sourceTree = "<group>"; };
		EF82D8721E8B8E9600DD4776 /* ViewController.h */ = {isa = PBXFileReference; lastKnownFileType = sourcecode.c.h; path = ViewController.h; sourceTree = "<group>"; };
		EF82D8731E8B8E9600DD4776 /* ViewController.m */ = {isa = PBXFileReference; lastKnownFileType = sourcecode.c.objc; path = ViewController.m; sourceTree = "<group>"; };
		EF82D8761E8B8E9600DD4776 /* Base */ = {isa = PBXFileReference; lastKnownFileType = file.storyboard; name = Base; path = Base.lproj/Main.storyboard; sourceTree = "<group>"; };
		EF82D8781E8B8E9600DD4776 /* Assets.xcassets */ = {isa = PBXFileReference; lastKnownFileType = folder.assetcatalog; path = Assets.xcassets; sourceTree = "<group>"; };
		EF82D87B1E8B8E9600DD4776 /* Base */ = {isa = PBXFileReference; lastKnownFileType = file.storyboard; name = Base; path = Base.lproj/LaunchScreen.storyboard; sourceTree = "<group>"; };
		EF82D87D1E8B8E9600DD4776 /* Info.plist */ = {isa = PBXFileReference; lastKnownFileType = text.plist.xml; path = Info.plist; sourceTree = "<group>"; };
		EF82D8821E8B8E9600DD4776 /* LXDAppMonitorTests.xctest */ = {isa = PBXFileReference; explicitFileType = wrapper.cfbundle; includeInIndex = 0; path = LXDAppMonitorTests.xctest; sourceTree = BUILT_PRODUCTS_DIR; };
		EF82D8861E8B8E9600DD4776 /* LXDAppMonitorTests.m */ = {isa = PBXFileReference; lastKnownFileType = sourcecode.c.objc; path = LXDAppMonitorTests.m; sourceTree = "<group>"; };
		EF82D8881E8B8E9600DD4776 /* Info.plist */ = {isa = PBXFileReference; lastKnownFileType = text.plist.xml; path = Info.plist; sourceTree = "<group>"; };
		EF82D88D1E8B8E9600DD4776 /* LXDAppMonitorUITests.xctest */ = {isa = PBXFileReference; explicitFileType = wrapper.cfbundle; includeInIndex = 0; path = LXDAppMonitorUITests.xctest; sourceTree = BUILT_PRODUCTS_DIR; };
		EF82D8911E8B8E9600DD4776 /* LXDAppMonitorUITests.m */ = {isa = PBXFileReference; lastKnownFileType = sourcecode.c.objc; path = LXDAppMonitorUITests.m; sourceTree = "<group>"; };
		EF82D8931E8B8E9600DD4776 /* Info.plist */ = {isa = PBXFileReference; lastKnownFileType = text.plist.xml; path = Info.plist; sourceTree = "<group>"; };
		EF82D8BD1E8B901000DD4776 /* WebViewController.h */ = {isa = PBXFileReference; fileEncoding = 4; lastKnownFileType = sourcecode.c.h; path = WebViewController.h; sourceTree = "<group>"; };
		EF82D8BE1E8B901000DD4776 /* WebViewController.m */ = {isa = PBXFileReference; fileEncoding = 4; lastKnownFileType = sourcecode.c.objc; path = WebViewController.m; sourceTree = "<group>"; };
		EF82D8BF1E8B901000DD4776 /* WebViewController.xib */ = {isa = PBXFileReference; fileEncoding = 4; lastKnownFileType = file.xib; path = WebViewController.xib; sourceTree = "<group>"; };
		EFF9259F1EB2E5B1005D9BEB /* libsqlite3.0.tbd */ = {isa = PBXFileReference; lastKnownFileType = "sourcecode.text-based-dylib-definition"; name = libsqlite3.0.tbd; path = usr/lib/libsqlite3.0.tbd; sourceTree = SDKROOT; };
/* End PBXFileReference section */

/* Begin PBXFrameworksBuildPhase section */
		EF82D8661E8B8E9600DD4776 /* Frameworks */ = {
			isa = PBXFrameworksBuildPhase;
			buildActionMask = 2147483647;
			files = (
				EFF925A01EB2E5B1005D9BEB /* libsqlite3.0.tbd in Frameworks */,
			);
			runOnlyForDeploymentPostprocessing = 0;
		};
		EF82D87F1E8B8E9600DD4776 /* Frameworks */ = {
			isa = PBXFrameworksBuildPhase;
			buildActionMask = 2147483647;
			files = (
			);
			runOnlyForDeploymentPostprocessing = 0;
		};
		EF82D88A1E8B8E9600DD4776 /* Frameworks */ = {
			isa = PBXFrameworksBuildPhase;
			buildActionMask = 2147483647;
			files = (
			);
			runOnlyForDeploymentPostprocessing = 0;
		};
/* End PBXFrameworksBuildPhase section */

/* Begin PBXGroup section */
		EF368A491EBC6FA200A629B1 /* LXDAppMonitor */ = {
			isa = PBXGroup;
			children = (
				EF368A4A1EBC6FA200A629B1 /* Crash */,
				EF368A4F1EBC6FA200A629B1 /* Fluency */,
				EF368A521EBC6FA200A629B1 /* FPS */,
				EF368A591EBC6FA200A629B1 /* Intercept */,
				EF368A621EBC6FA200A629B1 /* Resource */,
				EF368A711EBC6FA200A629B1 /* Tool */,
			);
			path = LXDAppMonitor;
			sourceTree = "<group>";
		};
		EF368A4A1EBC6FA200A629B1 /* Crash */ = {
			isa = PBXGroup;
			children = (
				EF368A4B1EBC6FA200A629B1 /* LXDCrashLogger.h */,
				EF368A4C1EBC6FA200A629B1 /* LXDCrashLogger.m */,
				EF368A4D1EBC6FA200A629B1 /* LXDCrashMonitor.h */,
				EF368A4E1EBC6FA200A629B1 /* LXDCrashMonitor.m */,
			);
			path = Crash;
			sourceTree = "<group>";
		};
		EF368A4F1EBC6FA200A629B1 /* Fluency */ = {
			isa = PBXGroup;
			children = (
				EF368A501EBC6FA200A629B1 /* LXDAppFluencyMonitor.h */,
				EF368A511EBC6FA200A629B1 /* LXDAppFluencyMonitor.m */,
			);
			path = Fluency;
			sourceTree = "<group>";
		};
		EF368A521EBC6FA200A629B1 /* FPS */ = {
			isa = PBXGroup;
			children = (
				EF368A531EBC6FA200A629B1 /* LXDFPSDisplayer.h */,
				EF368A541EBC6FA200A629B1 /* LXDFPSDisplayer.m */,
				EF368A551EBC6FA200A629B1 /* LXDFPSMonitor.h */,
				EF368A561EBC6FA200A629B1 /* LXDFPSMonitor.m */,
				EF368A571EBC6FA200A629B1 /* LXDWeakProxy.h */,
				EF368A581EBC6FA200A629B1 /* LXDWeakProxy.m */,
			);
			path = FPS;
			sourceTree = "<group>";
		};
		EF368A591EBC6FA200A629B1 /* Intercept */ = {
			isa = PBXGroup;
			children = (
				EF368A5A1EBC6FA200A629B1 /* LXDDNSInterceptor.h */,
				EF368A5B1EBC6FA200A629B1 /* LXDDNSInterceptor.m */,
				EF368A5C1EBC6FA200A629B1 /* LXDHostFilterRule.h */,
				EF368A5D1EBC6FA200A629B1 /* LXDHostFilterRule.m */,
				EF368A5E1EBC6FA200A629B1 /* LXDHostMapper.h */,
				EF368A5F1EBC6FA200A629B1 /* LXDHostMapper.m */,
				EF368A601EBC6FA200A629B1 /* NSURLProtocol+WebKitSupport.h */,
				EF368A611EBC6FA200A629B1 /* NSURLProtocol+WebKitSupport.m */,
			);
			path = Intercept;
			sourceTree = "<group>";
		};
		EF368A621EBC6FA200A629B1 /* Resource */ = {
			isa = PBXGroup;
			children = (
				EF368A631EBC6FA200A629B1 /* LXDApplicationCPU.h */,
				EF368A641EBC6FA200A629B1 /* LXDApplicationCPU.m */,
				EF368A651EBC6FA200A629B1 /* LXDApplicationMemory.h */,
				EF368A661EBC6FA200A629B1 /* LXDApplicationMemory.m */,
				EF368A671EBC6FA200A629B1 /* LXDCPUDisplayer.h */,
				EF368A681EBC6FA200A629B1 /* LXDCPUDisplayer.m */,
				EF368A691EBC6FA200A629B1 /* LXDMemoryDisplayer.h */,
				EF368A6A1EBC6FA200A629B1 /* LXDMemoryDisplayer.m */,
				EF368A6B1EBC6FA200A629B1 /* LXDResourceMonitor.h */,
				EF368A6C1EBC6FA200A629B1 /* LXDResourceMonitor.m */,
				EF368A6D1EBC6FA200A629B1 /* LXDSystemCPU.h */,
				EF368A6E1EBC6FA200A629B1 /* LXDSystemCPU.m */,
				EF368A6F1EBC6FA200A629B1 /* LXDSystemMemory.h */,
				EF368A701EBC6FA200A629B1 /* LXDSystemMemory.m */,
			);
			path = Resource;
			sourceTree = "<group>";
		};
		EF368A711EBC6FA200A629B1 /* Tool */ = {
			isa = PBXGroup;
			children = (
				EF368A721EBC6FA200A629B1 /* Backtrace */,
				EF368A751EBC6FA200A629B1 /* Dispatch */,
				EF368A7A1EBC6FA200A629B1 /* Performance */,
				EF368A851EBC6FA200A629B1 /* Timer */,
				EF368A881EBC6FA200A629B1 /* UI */,
			);
			path = Tool;
			sourceTree = "<group>";
		};
		EF368A721EBC6FA200A629B1 /* Backtrace */ = {
			isa = PBXGroup;
			children = (
				EF368A731EBC6FA200A629B1 /* LXDBacktraceLogger.h */,
				EF368A741EBC6FA200A629B1 /* LXDBacktraceLogger.m */,
			);
			path = Backtrace;
			sourceTree = "<group>";
		};
		EF368A751EBC6FA200A629B1 /* Dispatch */ = {
			isa = PBXGroup;
			children = (
				EF368A761EBC6FA200A629B1 /* LXDDispatchAsync.h */,
				EF368A771EBC6FA200A629B1 /* LXDDispatchAsync.m */,
				EF368A781EBC6FA200A629B1 /* LXDDispatchOperation.h */,
				EF368A791EBC6FA200A629B1 /* LXDDispatchOperation.m */,
			);
			path = Dispatch;
			sourceTree = "<group>";
		};
		EF368A7A1EBC6FA200A629B1 /* Performance */ = {
			isa = PBXGroup;
			children = (
				EF368AB01EBC6FDE00A629B1 /* LXDTransaction.h */,
				EF368AB11EBC6FDE00A629B1 /* LXDTransaction.m */,
			);
			path = Performance;
			sourceTree = "<group>";
		};
		EF368A851EBC6FA200A629B1 /* Timer */ = {
			isa = PBXGroup;
			children = (
				EF368A861EBC6FA200A629B1 /* LXDGlobalTimer.h */,
				EF368A871EBC6FA200A629B1 /* LXDGlobalTimer.m */,
			);
			path = Timer;
			sourceTree = "<group>";
		};
		EF368A881EBC6FA200A629B1 /* UI */ = {
			isa = PBXGroup;
			children = (
				EF368A891EBC6FA200A629B1 /* LXDAsyncLabel.h */,
				EF368A8A1EBC6FA200A629B1 /* LXDAsyncLabel.m */,
				EF368A8B1EBC6FA200A629B1 /* LXDMonitorUI.h */,
				EF368A8C1EBC6FA200A629B1 /* LXDTopWindow.h */,
				EF368A8D1EBC6FA200A629B1 /* LXDTopWindow.m */,
				EF368A8E1EBC6FA200A629B1 /* UIApplication+LXDTool.h */,
				EF368A8F1EBC6FA200A629B1 /* UIApplication+LXDTool.m */,
			);
			path = UI;
			sourceTree = "<group>";
		};
		EF82D8601E8B8E9600DD4776 = {
			isa = PBXGroup;
			children = (
				EF82D86B1E8B8E9600DD4776 /* LXDAppMonitor */,
				EF82D8851E8B8E9600DD4776 /* LXDAppMonitorTests */,
				EF82D8901E8B8E9600DD4776 /* LXDAppMonitorUITests */,
				EF82D86A1E8B8E9600DD4776 /* Products */,
				EFF9259E1EB2E5B1005D9BEB /* Frameworks */,
			);
			sourceTree = "<group>";
		};
		EF82D86A1E8B8E9600DD4776 /* Products */ = {
			isa = PBXGroup;
			children = (
				EF82D8691E8B8E9600DD4776 /* LXDAppMonitor.app */,
				EF82D8821E8B8E9600DD4776 /* LXDAppMonitorTests.xctest */,
				EF82D88D1E8B8E9600DD4776 /* LXDAppMonitorUITests.xctest */,
			);
			name = Products;
			sourceTree = "<group>";
		};
		EF82D86B1E8B8E9600DD4776 /* LXDAppMonitor */ = {
			isa = PBXGroup;
			children = (
				EF368A491EBC6FA200A629B1 /* LXDAppMonitor */,
				EF82D86F1E8B8E9600DD4776 /* AppDelegate.h */,
				EF82D8701E8B8E9600DD4776 /* AppDelegate.m */,
				EF82D8721E8B8E9600DD4776 /* ViewController.h */,
				EF82D8731E8B8E9600DD4776 /* ViewController.m */,
				EF82D8751E8B8E9600DD4776 /* Main.storyboard */,
				EF82D8781E8B8E9600DD4776 /* Assets.xcassets */,
				EF82D87A1E8B8E9600DD4776 /* LaunchScreen.storyboard */,
				EF82D87D1E8B8E9600DD4776 /* Info.plist */,
				EF82D86C1E8B8E9600DD4776 /* Supporting Files */,
				EF82D8BD1E8B901000DD4776 /* WebViewController.h */,
				EF82D8BE1E8B901000DD4776 /* WebViewController.m */,
				EF82D8BF1E8B901000DD4776 /* WebViewController.xib */,
			);
			path = LXDAppMonitor;
			sourceTree = "<group>";
		};
		EF82D86C1E8B8E9600DD4776 /* Supporting Files */ = {
			isa = PBXGroup;
			children = (
				EF82D86D1E8B8E9600DD4776 /* main.m */,
			);
			name = "Supporting Files";
			sourceTree = "<group>";
		};
		EF82D8851E8B8E9600DD4776 /* LXDAppMonitorTests */ = {
			isa = PBXGroup;
			children = (
				EF82D8861E8B8E9600DD4776 /* LXDAppMonitorTests.m */,
				EF82D8881E8B8E9600DD4776 /* Info.plist */,
			);
			path = LXDAppMonitorTests;
			sourceTree = "<group>";
		};
		EF82D8901E8B8E9600DD4776 /* LXDAppMonitorUITests */ = {
			isa = PBXGroup;
			children = (
				EF82D8911E8B8E9600DD4776 /* LXDAppMonitorUITests.m */,
				EF82D8931E8B8E9600DD4776 /* Info.plist */,
			);
			path = LXDAppMonitorUITests;
			sourceTree = "<group>";
		};
		EFF9259E1EB2E5B1005D9BEB /* Frameworks */ = {
			isa = PBXGroup;
			children = (
				EFF9259F1EB2E5B1005D9BEB /* libsqlite3.0.tbd */,
			);
			name = Frameworks;
			sourceTree = "<group>";
		};
/* End PBXGroup section */

/* Begin PBXNativeTarget section */
		EF82D8681E8B8E9600DD4776 /* LXDAppMonitor */ = {
			isa = PBXNativeTarget;
			buildConfigurationList = EF82D8961E8B8E9600DD4776 /* Build configuration list for PBXNativeTarget "LXDAppMonitor" */;
			buildPhases = (
				EF82D8651E8B8E9600DD4776 /* Sources */,
				EF82D8661E8B8E9600DD4776 /* Frameworks */,
				EF82D8671E8B8E9600DD4776 /* Resources */,
			);
			buildRules = (
			);
			dependencies = (
			);
			name = LXDAppMonitor;
			productName = LXDAppMonitor;
			productReference = EF82D8691E8B8E9600DD4776 /* LXDAppMonitor.app */;
			productType = "com.apple.product-type.application";
		};
		EF82D8811E8B8E9600DD4776 /* LXDAppMonitorTests */ = {
			isa = PBXNativeTarget;
			buildConfigurationList = EF82D8991E8B8E9600DD4776 /* Build configuration list for PBXNativeTarget "LXDAppMonitorTests" */;
			buildPhases = (
				EF82D87E1E8B8E9600DD4776 /* Sources */,
				EF82D87F1E8B8E9600DD4776 /* Frameworks */,
				EF82D8801E8B8E9600DD4776 /* Resources */,
			);
			buildRules = (
			);
			dependencies = (
				EF82D8841E8B8E9600DD4776 /* PBXTargetDependency */,
			);
			name = LXDAppMonitorTests;
			productName = LXDAppMonitorTests;
			productReference = EF82D8821E8B8E9600DD4776 /* LXDAppMonitorTests.xctest */;
			productType = "com.apple.product-type.bundle.unit-test";
		};
		EF82D88C1E8B8E9600DD4776 /* LXDAppMonitorUITests */ = {
			isa = PBXNativeTarget;
			buildConfigurationList = EF82D89C1E8B8E9600DD4776 /* Build configuration list for PBXNativeTarget "LXDAppMonitorUITests" */;
			buildPhases = (
				EF82D8891E8B8E9600DD4776 /* Sources */,
				EF82D88A1E8B8E9600DD4776 /* Frameworks */,
				EF82D88B1E8B8E9600DD4776 /* Resources */,
			);
			buildRules = (
			);
			dependencies = (
				EF82D88F1E8B8E9600DD4776 /* PBXTargetDependency */,
			);
			name = LXDAppMonitorUITests;
			productName = LXDAppMonitorUITests;
			productReference = EF82D88D1E8B8E9600DD4776 /* LXDAppMonitorUITests.xctest */;
			productType = "com.apple.product-type.bundle.ui-testing";
		};
/* End PBXNativeTarget section */

/* Begin PBXProject section */
		EF82D8611E8B8E9600DD4776 /* Project object */ = {
			isa = PBXProject;
			attributes = {
				LastUpgradeCheck = 0830;
				ORGANIZATIONNAME = Jolimark;
				TargetAttributes = {
					EF82D8681E8B8E9600DD4776 = {
						CreatedOnToolsVersion = 8.3;
						DevelopmentTeam = 7J57ACJ383;
						ProvisioningStyle = Automatic;
					};
					EF82D8811E8B8E9600DD4776 = {
						CreatedOnToolsVersion = 8.3;
						DevelopmentTeam = 7J57ACJ383;
						ProvisioningStyle = Automatic;
						TestTargetID = EF82D8681E8B8E9600DD4776;
					};
					EF82D88C1E8B8E9600DD4776 = {
						CreatedOnToolsVersion = 8.3;
						DevelopmentTeam = 7J57ACJ383;
						ProvisioningStyle = Automatic;
						TestTargetID = EF82D8681E8B8E9600DD4776;
					};
				};
			};
			buildConfigurationList = EF82D8641E8B8E9600DD4776 /* Build configuration list for PBXProject "LXDAppMonitor" */;
			compatibilityVersion = "Xcode 3.2";
			developmentRegion = English;
			hasScannedForEncodings = 0;
			knownRegions = (
				en,
				Base,
			);
			mainGroup = EF82D8601E8B8E9600DD4776;
			productRefGroup = EF82D86A1E8B8E9600DD4776 /* Products */;
			projectDirPath = "";
			projectRoot = "";
			targets = (
				EF82D8681E8B8E9600DD4776 /* LXDAppMonitor */,
				EF82D8811E8B8E9600DD4776 /* LXDAppMonitorTests */,
				EF82D88C1E8B8E9600DD4776 /* LXDAppMonitorUITests */,
			);
		};
/* End PBXProject section */

/* Begin PBXResourcesBuildPhase section */
		EF82D8671E8B8E9600DD4776 /* Resources */ = {
			isa = PBXResourcesBuildPhase;
			buildActionMask = 2147483647;
			files = (
				EF82D87C1E8B8E9600DD4776 /* LaunchScreen.storyboard in Resources */,
				EF82D8791E8B8E9600DD4776 /* Assets.xcassets in Resources */,
				EF82D8771E8B8E9600DD4776 /* Main.storyboard in Resources */,
				EF82D8C11E8B901000DD4776 /* WebViewController.xib in Resources */,
			);
			runOnlyForDeploymentPostprocessing = 0;
		};
		EF82D8801E8B8E9600DD4776 /* Resources */ = {
			isa = PBXResourcesBuildPhase;
			buildActionMask = 2147483647;
			files = (
			);
			runOnlyForDeploymentPostprocessing = 0;
		};
		EF82D88B1E8B8E9600DD4776 /* Resources */ = {
			isa = PBXResourcesBuildPhase;
			buildActionMask = 2147483647;
			files = (
			);
			runOnlyForDeploymentPostprocessing = 0;
		};
/* End PBXResourcesBuildPhase section */

/* Begin PBXSourcesBuildPhase section */
		EF82D8651E8B8E9600DD4776 /* Sources */ = {
			isa = PBXSourcesBuildPhase;
			buildActionMask = 2147483647;
			files = (
				EF82D8741E8B8E9600DD4776 /* ViewController.m in Sources */,
				EF368A911EBC6FA200A629B1 /* LXDCrashMonitor.m in Sources */,
				EF368A971EBC6FA200A629B1 /* LXDHostFilterRule.m in Sources */,
				EF368A931EBC6FA200A629B1 /* LXDFPSDisplayer.m in Sources */,
				EF82D8711E8B8E9600DD4776 /* AppDelegate.m in Sources */,
				EF368AA11EBC6FA200A629B1 /* LXDBacktraceLogger.m in Sources */,
				EF368AB21EBC6FDE00A629B1 /* LXDTransaction.m in Sources */,
				EF82D8C01E8B901000DD4776 /* WebViewController.m in Sources */,
				EF368AAA1EBC6FA200A629B1 /* LXDAsyncLabel.m in Sources */,
				EF368AA91EBC6FA200A629B1 /* LXDGlobalTimer.m in Sources */,
				EF368A9B1EBC6FA200A629B1 /* LXDApplicationMemory.m in Sources */,
				EF368A9D1EBC6FA200A629B1 /* LXDMemoryDisplayer.m in Sources */,
				EF368A951EBC6FA200A629B1 /* LXDWeakProxy.m in Sources */,
				EF368A941EBC6FA200A629B1 /* LXDFPSMonitor.m in Sources */,
				EF368A9F1EBC6FA200A629B1 /* LXDSystemCPU.m in Sources */,
				EF368AA01EBC6FA200A629B1 /* LXDSystemMemory.m in Sources */,
				EF368A961EBC6FA200A629B1 /* LXDDNSInterceptor.m in Sources */,
				EF368A901EBC6FA200A629B1 /* LXDCrashLogger.m in Sources */,
				EF368A9A1EBC6FA200A629B1 /* LXDApplicationCPU.m in Sources */,
				EF368A991EBC6FA200A629B1 /* NSURLProtocol+WebKitSupport.m in Sources */,
				EF368AAC1EBC6FA200A629B1 /* UIApplication+LXDTool.m in Sources */,
				EF368A921EBC6FA200A629B1 /* LXDAppFluencyMonitor.m in Sources */,
				EF368AA31EBC6FA200A629B1 /* LXDDispatchOperation.m in Sources */,
				EF82D86E1E8B8E9600DD4776 /* main.m in Sources */,
				EF368AA21EBC6FA200A629B1 /* LXDDispatchAsync.m in Sources */,
				EF368AAB1EBC6FA200A629B1 /* LXDTopWindow.m in Sources */,
				EF368A9E1EBC6FA200A629B1 /* LXDResourceMonitor.m in Sources */,
				EF368A9C1EBC6FA200A629B1 /* LXDCPUDisplayer.m in Sources */,
				EF368A981EBC6FA200A629B1 /* LXDHostMapper.m in Sources */,
			);
			runOnlyForDeploymentPostprocessing = 0;
		};
		EF82D87E1E8B8E9600DD4776 /* Sources */ = {
			isa = PBXSourcesBuildPhase;
			buildActionMask = 2147483647;
			files = (
				EF82D8871E8B8E9600DD4776 /* LXDAppMonitorTests.m in Sources */,
			);
			runOnlyForDeploymentPostprocessing = 0;
		};
		EF82D8891E8B8E9600DD4776 /* Sources */ = {
			isa = PBXSourcesBuildPhase;
			buildActionMask = 2147483647;
			files = (
				EF82D8921E8B8E9600DD4776 /* LXDAppMonitorUITests.m in Sources */,
			);
			runOnlyForDeploymentPostprocessing = 0;
		};
/* End PBXSourcesBuildPhase section */

/* Begin PBXTargetDependency section */
		EF82D8841E8B8E9600DD4776 /* PBXTargetDependency */ = {
			isa = PBXTargetDependency;
			target = EF82D8681E8B8E9600DD4776 /* LXDAppMonitor */;
			targetProxy = EF82D8831E8B8E9600DD4776 /* PBXContainerItemProxy */;
		};
		EF82D88F1E8B8E9600DD4776 /* PBXTargetDependency */ = {
			isa = PBXTargetDependency;
			target = EF82D8681E8B8E9600DD4776 /* LXDAppMonitor */;
			targetProxy = EF82D88E1E8B8E9600DD4776 /* PBXContainerItemProxy */;
		};
/* End PBXTargetDependency section */

/* Begin PBXVariantGroup section */
		EF82D8751E8B8E9600DD4776 /* Main.storyboard */ = {
			isa = PBXVariantGroup;
			children = (
				EF82D8761E8B8E9600DD4776 /* Base */,
			);
			name = Main.storyboard;
			sourceTree = "<group>";
		};
		EF82D87A1E8B8E9600DD4776 /* LaunchScreen.storyboard */ = {
			isa = PBXVariantGroup;
			children = (
				EF82D87B1E8B8E9600DD4776 /* Base */,
			);
			name = LaunchScreen.storyboard;
			sourceTree = "<group>";
		};
/* End PBXVariantGroup section */

/* Begin XCBuildConfiguration section */
		EF82D8941E8B8E9600DD4776 /* Debug */ = {
			isa = XCBuildConfiguration;
			buildSettings = {
				ALWAYS_SEARCH_USER_PATHS = NO;
				CLANG_ANALYZER_NONNULL = YES;
				CLANG_ANALYZER_NUMBER_OBJECT_CONVERSION = YES_AGGRESSIVE;
				CLANG_CXX_LANGUAGE_STANDARD = "gnu++0x";
				CLANG_CXX_LIBRARY = "libc++";
				CLANG_ENABLE_MODULES = YES;
				CLANG_ENABLE_OBJC_ARC = YES;
				CLANG_WARN_BOOL_CONVERSION = YES;
				CLANG_WARN_CONSTANT_CONVERSION = YES;
				CLANG_WARN_DIRECT_OBJC_ISA_USAGE = YES_ERROR;
				CLANG_WARN_DOCUMENTATION_COMMENTS = YES;
				CLANG_WARN_EMPTY_BODY = YES;
				CLANG_WARN_ENUM_CONVERSION = YES;
				CLANG_WARN_INFINITE_RECURSION = YES;
				CLANG_WARN_INT_CONVERSION = YES;
				CLANG_WARN_OBJC_ROOT_CLASS = YES_ERROR;
				CLANG_WARN_SUSPICIOUS_MOVE = YES;
				CLANG_WARN_UNREACHABLE_CODE = YES;
				CLANG_WARN__DUPLICATE_METHOD_MATCH = YES;
				"CODE_SIGN_IDENTITY[sdk=iphoneos*]" = "iPhone Developer";
				COPY_PHASE_STRIP = NO;
				DEBUG_INFORMATION_FORMAT = dwarf;
				ENABLE_STRICT_OBJC_MSGSEND = YES;
				ENABLE_TESTABILITY = YES;
				GCC_C_LANGUAGE_STANDARD = gnu99;
				GCC_DYNAMIC_NO_PIC = NO;
				GCC_NO_COMMON_BLOCKS = YES;
				GCC_OPTIMIZATION_LEVEL = 0;
				GCC_PREPROCESSOR_DEFINITIONS = (
					"DEBUG=1",
					"$(inherited)",
				);
				GCC_WARN_64_TO_32_BIT_CONVERSION = YES;
				GCC_WARN_ABOUT_RETURN_TYPE = YES_ERROR;
				GCC_WARN_UNDECLARED_SELECTOR = YES;
				GCC_WARN_UNINITIALIZED_AUTOS = YES_AGGRESSIVE;
				GCC_WARN_UNUSED_FUNCTION = YES;
				GCC_WARN_UNUSED_VARIABLE = YES;
				IPHONEOS_DEPLOYMENT_TARGET = 10.3;
				MTL_ENABLE_DEBUG_INFO = YES;
				ONLY_ACTIVE_ARCH = YES;
				SDKROOT = iphoneos;
			};
			name = Debug;
		};
		EF82D8951E8B8E9600DD4776 /* Release */ = {
			isa = XCBuildConfiguration;
			buildSettings = {
				ALWAYS_SEARCH_USER_PATHS = NO;
				CLANG_ANALYZER_NONNULL = YES;
				CLANG_ANALYZER_NUMBER_OBJECT_CONVERSION = YES_AGGRESSIVE;
				CLANG_CXX_LANGUAGE_STANDARD = "gnu++0x";
				CLANG_CXX_LIBRARY = "libc++";
				CLANG_ENABLE_MODULES = YES;
				CLANG_ENABLE_OBJC_ARC = YES;
				CLANG_WARN_BOOL_CONVERSION = YES;
				CLANG_WARN_CONSTANT_CONVERSION = YES;
				CLANG_WARN_DIRECT_OBJC_ISA_USAGE = YES_ERROR;
				CLANG_WARN_DOCUMENTATION_COMMENTS = YES;
				CLANG_WARN_EMPTY_BODY = YES;
				CLANG_WARN_ENUM_CONVERSION = YES;
				CLANG_WARN_INFINITE_RECURSION = YES;
				CLANG_WARN_INT_CONVERSION = YES;
				CLANG_WARN_OBJC_ROOT_CLASS = YES_ERROR;
				CLANG_WARN_SUSPICIOUS_MOVE = YES;
				CLANG_WARN_UNREACHABLE_CODE = YES;
				CLANG_WARN__DUPLICATE_METHOD_MATCH = YES;
				"CODE_SIGN_IDENTITY[sdk=iphoneos*]" = "iPhone Developer";
				COPY_PHASE_STRIP = NO;
				DEBUG_INFORMATION_FORMAT = "dwarf-with-dsym";
				ENABLE_NS_ASSERTIONS = NO;
				ENABLE_STRICT_OBJC_MSGSEND = YES;
				GCC_C_LANGUAGE_STANDARD = gnu99;
				GCC_NO_COMMON_BLOCKS = YES;
				GCC_WARN_64_TO_32_BIT_CONVERSION = YES;
				GCC_WARN_ABOUT_RETURN_TYPE = YES_ERROR;
				GCC_WARN_UNDECLARED_SELECTOR = YES;
				GCC_WARN_UNINITIALIZED_AUTOS = YES_AGGRESSIVE;
				GCC_WARN_UNUSED_FUNCTION = YES;
				GCC_WARN_UNUSED_VARIABLE = YES;
				IPHONEOS_DEPLOYMENT_TARGET = 10.3;
				MTL_ENABLE_DEBUG_INFO = NO;
				SDKROOT = iphoneos;
				VALIDATE_PRODUCT = YES;
			};
			name = Release;
		};
		EF82D8971E8B8E9600DD4776 /* Debug */ = {
			isa = XCBuildConfiguration;
			buildSettings = {
				ASSETCATALOG_COMPILER_APPICON_NAME = AppIcon;
				DEVELOPMENT_TEAM = 7J57ACJ383;
				INFOPLIST_FILE = LXDAppMonitor/Info.plist;
				IPHONEOS_DEPLOYMENT_TARGET = 8.0;
				LD_RUNPATH_SEARCH_PATHS = "$(inherited) @executable_path/Frameworks";
				OTHER_LDFLAGS = "";
				PRODUCT_BUNDLE_IDENTIFIER = jolimark.com.LXDAppMonitor;
				PRODUCT_NAME = "$(TARGET_NAME)";
			};
			name = Debug;
		};
		EF82D8981E8B8E9600DD4776 /* Release */ = {
			isa = XCBuildConfiguration;
			buildSettings = {
				ASSETCATALOG_COMPILER_APPICON_NAME = AppIcon;
				DEVELOPMENT_TEAM = 7J57ACJ383;
				INFOPLIST_FILE = LXDAppMonitor/Info.plist;
				IPHONEOS_DEPLOYMENT_TARGET = 8.0;
				LD_RUNPATH_SEARCH_PATHS = "$(inherited) @executable_path/Frameworks";
				OTHER_LDFLAGS = "";
				PRODUCT_BUNDLE_IDENTIFIER = jolimark.com.LXDAppMonitor;
				PRODUCT_NAME = "$(TARGET_NAME)";
			};
			name = Release;
		};
		EF82D89A1E8B8E9600DD4776 /* Debug */ = {
			isa = XCBuildConfiguration;
			buildSettings = {
				BUNDLE_LOADER = "$(TEST_HOST)";
				DEVELOPMENT_TEAM = 7J57ACJ383;
				INFOPLIST_FILE = LXDAppMonitorTests/Info.plist;
				LD_RUNPATH_SEARCH_PATHS = "$(inherited) @executable_path/Frameworks @loader_path/Frameworks";
				PRODUCT_BUNDLE_IDENTIFIER = jolimark.com.LXDAppMonitorTests;
				PRODUCT_NAME = "$(TARGET_NAME)";
				TEST_HOST = "$(BUILT_PRODUCTS_DIR)/LXDAppMonitor.app/LXDAppMonitor";
			};
			name = Debug;
		};
		EF82D89B1E8B8E9600DD4776 /* Release */ = {
			isa = XCBuildConfiguration;
			buildSettings = {
				BUNDLE_LOADER = "$(TEST_HOST)";
				DEVELOPMENT_TEAM = 7J57ACJ383;
				INFOPLIST_FILE = LXDAppMonitorTests/Info.plist;
				LD_RUNPATH_SEARCH_PATHS = "$(inherited) @executable_path/Frameworks @loader_path/Frameworks";
				PRODUCT_BUNDLE_IDENTIFIER = jolimark.com.LXDAppMonitorTests;
				PRODUCT_NAME = "$(TARGET_NAME)";
				TEST_HOST = "$(BUILT_PRODUCTS_DIR)/LXDAppMonitor.app/LXDAppMonitor";
			};
			name = Release;
		};
		EF82D89D1E8B8E9600DD4776 /* Debug */ = {
			isa = XCBuildConfiguration;
			buildSettings = {
				DEVELOPMENT_TEAM = 7J57ACJ383;
				INFOPLIST_FILE = LXDAppMonitorUITests/Info.plist;
				LD_RUNPATH_SEARCH_PATHS = "$(inherited) @executable_path/Frameworks @loader_path/Frameworks";
				PRODUCT_BUNDLE_IDENTIFIER = jolimark.com.LXDAppMonitorUITests;
				PRODUCT_NAME = "$(TARGET_NAME)";
				TEST_TARGET_NAME = LXDAppMonitor;
			};
			name = Debug;
		};
		EF82D89E1E8B8E9600DD4776 /* Release */ = {
			isa = XCBuildConfiguration;
			buildSettings = {
				DEVELOPMENT_TEAM = 7J57ACJ383;
				INFOPLIST_FILE = LXDAppMonitorUITests/Info.plist;
				LD_RUNPATH_SEARCH_PATHS = "$(inherited) @executable_path/Frameworks @loader_path/Frameworks";
				PRODUCT_BUNDLE_IDENTIFIER = jolimark.com.LXDAppMonitorUITests;
				PRODUCT_NAME = "$(TARGET_NAME)";
				TEST_TARGET_NAME = LXDAppMonitor;
			};
			name = Release;
		};
/* End XCBuildConfiguration section */

/* Begin XCConfigurationList section */
		EF82D8641E8B8E9600DD4776 /* Build configuration list for PBXProject "LXDAppMonitor" */ = {
			isa = XCConfigurationList;
			buildConfigurations = (
				EF82D8941E8B8E9600DD4776 /* Debug */,
				EF82D8951E8B8E9600DD4776 /* Release */,
			);
			defaultConfigurationIsVisible = 0;
			defaultConfigurationName = Release;
		};
		EF82D8961E8B8E9600DD4776 /* Build configuration list for PBXNativeTarget "LXDAppMonitor" */ = {
			isa = XCConfigurationList;
			buildConfigurations = (
				EF82D8971E8B8E9600DD4776 /* Debug */,
				EF82D8981E8B8E9600DD4776 /* Release */,
			);
			defaultConfigurationIsVisible = 0;
			defaultConfigurationName = Release;
		};
		EF82D8991E8B8E9600DD4776 /* Build configuration list for PBXNativeTarget "LXDAppMonitorTests" */ = {
			isa = XCConfigurationList;
			buildConfigurations = (
				EF82D89A1E8B8E9600DD4776 /* Debug */,
				EF82D89B1E8B8E9600DD4776 /* Release */,
			);
			defaultConfigurationIsVisible = 0;
			defaultConfigurationName = Release;
		};
		EF82D89C1E8B8E9600DD4776 /* Build configuration list for PBXNativeTarget "LXDAppMonitorUITests" */ = {
			isa = XCConfigurationList;
			buildConfigurations = (
				EF82D89D1E8B8E9600DD4776 /* Debug */,
				EF82D89E1E8B8E9600DD4776 /* Release */,
			);
			defaultConfigurationIsVisible = 0;
			defaultConfigurationName = Release;
		};
/* End XCConfigurationList section */
	};
	rootObject = EF82D8611E8B8E9600DD4776 /* Project object */;
}
